
Microsoft Visual Studio Solution File, Format Version 12.00
# Visual Studio Version 16
VisualStudioVersion = 16.0.31313.79
MinimumVisualStudioVersion = 10.0.40219.1
Project("{FAE04EC0-301F-11D3-BF4B-00C04F79EFBC}") = "Degiskenler_Odev", "Degiskenler_Odev\Degiskenler_Odev.csproj", "{93D5A5EF-9AFC-4B79-9A5A-C25D7E510E4A}"
EndProject
Global
	GlobalSection(SolutionConfigurationPlatforms) = preSolution
		Debug|Any CPU = Debug|Any CPU
		Release|Any CPU = Release|Any CPU
	EndGlobalSection
	GlobalSection(ProjectConfigurationPlatforms) = postSolution
		{93D5A5EF-9AFC-4B79-9A5A-C25D7E510E4A}.Debug|Any CPU.ActiveCfg = Debug|Any CPU
		{93D5A5EF-9AFC-4B79-9A5A-C25D7E510E4A}.Debug|Any CPU.Build.0 = Debug|Any CPU
		{93D5A5EF-9AFC-4B79-9A5A-C25D7E510E4A}.Release|Any CPU.ActiveCfg = Release|Any CPU
		{93D5A5EF-9AFC-4B79-9A5A-C25D7E510E4A}.Release|Any CPU.Build.0 = Release|Any CPU
	EndGlobalSection
	GlobalSection(SolutionProperties) = preSolution
		HideSolutionNode = FALSE
	EndGlobalSection
	GlobalSection(ExtensibilityGlobals) = postSolution
		SolutionGuid = {E0FD7BEC-5D80-4D06-BC66-F0FECC86A40C}
	EndGlobalSection
EndGlobal
